
Microsoft Visual Studio Solution File, Format Version 12.00
# Visual Studio 15
VisualStudioVersion = 15.0.26124.0
MinimumVisualStudioVersion = 15.0.26124.0
Project("{FAE04EC0-301F-11D3-BF4B-00C04F79EFBC}") = "cs101", "cs101\cs101.csproj", "{59E57155-A24C-421D-B0B8-123B01D3463C}"
EndProject
Project("{FAE04EC0-301F-11D3-BF4B-00C04F79EFBC}") = "cs101Tests", "cs101Tests\cs101Tests.csproj", "{A9777B5E-6551-4427-85AB-D64F6941B02D}"
EndProject
Global
	GlobalSection(SolutionConfigurationPlatforms) = preSolution
		Debug|Any CPU = Debug|Any CPU
		Debug|x64 = Debug|x64
		Debug|x86 = Debug|x86
		Release|Any CPU = Release|Any CPU
		Release|x64 = Release|x64
		Release|x86 = Release|x86
	EndGlobalSection
	GlobalSection(SolutionProperties) = preSolution
		HideSolutionNode = FALSE
	EndGlobalSection
	GlobalSection(ProjectConfigurationPlatforms) = postSolution
		{59E57155-A24C-421D-B0B8-123B01D3463C}.Debug|Any CPU.ActiveCfg = Debug|Any CPU
		{59E57155-A24C-421D-B0B8-123B01D3463C}.Debug|Any CPU.Build.0 = Debug|Any CPU
		{59E57155-A24C-421D-B0B8-123B01D3463C}.Debug|x64.ActiveCfg = Debug|Any CPU
		{59E57155-A24C-421D-B0B8-123B01D3463C}.Debug|x64.Build.0 = Debug|Any CPU
		{59E57155-A24C-421D-B0B8-123B01D3463C}.Debug|x86.ActiveCfg = Debug|Any CPU
		{59E57155-A24C-421D-B0B8-123B01D3463C}.Debug|x86.Build.0 = Debug|Any CPU
		{59E57155-A24C-421D-B0B8-123B01D3463C}.Release|Any CPU.ActiveCfg = Release|Any CPU
		{59E57155-A24C-421D-B0B8-123B01D3463C}.Release|Any CPU.Build.0 = Release|Any CPU
		{59E57155-A24C-421D-B0B8-123B01D3463C}.Release|x64.ActiveCfg = Release|Any CPU
		{59E57155-A24C-421D-B0B8-123B01D3463C}.Release|x64.Build.0 = Release|Any CPU
		{59E57155-A24C-421D-B0B8-123B01D3463C}.Release|x86.ActiveCfg = Release|Any CPU
		{59E57155-A24C-421D-B0B8-123B01D3463C}.Release|x86.Build.0 = Release|Any CPU
		{A9777B5E-6551-4427-85AB-D64F6941B02D}.Debug|Any CPU.ActiveCfg = Debug|Any CPU
		{A9777B5E-6551-4427-85AB-D64F6941B02D}.Debug|Any CPU.Build.0 = Debug|Any CPU
		{A9777B5E-6551-4427-85AB-D64F6941B02D}.Debug|x64.ActiveCfg = Debug|Any CPU
		{A9777B5E-6551-4427-85AB-D64F6941B02D}.Debug|x64.Build.0 = Debug|Any CPU
		{A9777B5E-6551-4427-85AB-D64F6941B02D}.Debug|x86.ActiveCfg = Debug|Any CPU
		{A9777B5E-6551-4427-85AB-D64F6941B02D}.Debug|x86.Build.0 = Debug|Any CPU
		{A9777B5E-6551-4427-85AB-D64F6941B02D}.Release|Any CPU.ActiveCfg = Release|Any CPU
		{A9777B5E-6551-4427-85AB-D64F6941B02D}.Release|Any CPU.Build.0 = Release|Any CPU
		{A9777B5E-6551-4427-85AB-D64F6941B02D}.Release|x64.ActiveCfg = Release|Any CPU
		{A9777B5E-6551-4427-85AB-D64F6941B02D}.Release|x64.Build.0 = Release|Any CPU
		{A9777B5E-6551-4427-85AB-D64F6941B02D}.Release|x86.ActiveCfg = Release|Any CPU
		{A9777B5E-6551-4427-85AB-D64F6941B02D}.Release|x86.Build.0 = Release|Any CPU
	EndGlobalSection
EndGlobal
